
Microsoft Visual Studio Solution File, Format Version 12.00
# Visual Studio Version 17
VisualStudioVersion = 17.9.34622.214
MinimumVisualStudioVersion = 10.0.40219.1
Project("{FAE04EC0-301F-11D3-BF4B-00C04F79EFBC}") = "BTTUAN4", "BTTUAN4\BTTUAN4.csproj", "{36107D3C-9F98-4D48-A23C-7F1B30BD245B}"
EndProject
Global
	GlobalSection(SolutionConfigurationPlatforms) = preSolution
		Debug|Any CPU = Debug|Any CPU
		Release|Any CPU = Release|Any CPU
	EndGlobalSection
	GlobalSection(ProjectConfigurationPlatforms) = postSolution
		{36107D3C-9F98-4D48-A23C-7F1B30BD245B}.Debug|Any CPU.ActiveCfg = Debug|Any CPU
		{36107D3C-9F98-4D48-A23C-7F1B30BD245B}.Debug|Any CPU.Build.0 = Debug|Any CPU
		{36107D3C-9F98-4D48-A23C-7F1B30BD245B}.Release|Any CPU.ActiveCfg = Release|Any CPU
		{36107D3C-9F98-4D48-A23C-7F1B30BD245B}.Release|Any CPU.Build.0 = Release|Any CPU
	EndGlobalSection
	GlobalSection(SolutionProperties) = preSolution
		HideSolutionNode = FALSE
	EndGlobalSection
	GlobalSection(ExtensibilityGlobals) = postSolution
		SolutionGuid = {30CD14BE-A6D0-4D82-8BE9-6461F78FB350}
	EndGlobalSection
EndGlobal
